{
  "name": "aicostfence-demo",
  "version": "1.0.0",
  "lockfileVersion": 3,
  "requires": true,
  "packages": {
    "": {
      "name": "aicostfence-demo",
      "version": "1.0.0",
      "devDependencies": {
        "aicostfence": "0.1.0"
      },
      "engines": {
        "node": ">=20"
      }
    },
    "node_modules/aicostfence": {
      "version": "0.1.0",
      "resolved": "https://registry.npmjs.org/aicostfence/-/aicostfence-0.1.0.tgz",
      "integrity": "sha512-RNXf/MrAsRTmKlirboosZTkUYbUJZVF2vUJ1HH7Gnn5UVgjCas7sKT+dSU30wvbiqWanNvOk08aPngiH53YyCQ==",
      "dev": true,
      "license": "MIT",
      "bin": {
        "aicostfence": "src/index.js"
      },
      "engines": {
        "node": ">=20"
      }
    }
  }
}
